// !$*UTF8*$!
{
	archiveVersion = 1;
	classes = {
	};
	objectVersion = 77;
	objects = {

/* Begin PBXBuildFile section */
		D00407DB2DE741840098E654 /* StepView.swift in Sources */ = {isa = PBXBuildFile; fileRef = D00407DA2DE741840098E654 /* StepView.swift */; };
		D00407DD2DE758030098E654 /* ApplicationReason.swift in Sources */ = {isa = PBXBuildFile; fileRef = D00407DC2DE758030098E654 /* ApplicationReason.swift */; };
		D004080C2DE75F7E0098E654 /* StepViewModel.swift in Sources */ = {isa = PBXBuildFile; fileRef = D004080B2DE75F730098E654 /* StepViewModel.swift */; };
		D004083E2DE9EFC60098E654 /* ETCDataResponse.swift in Sources */ = {isa = PBXBuildFile; fileRef = D004083D2DE9EFC60098E654 /* ETCDataResponse.swift */; };
		D01BBB782DF05CE500D44366 /* StepPaymentInstruction.swift in Sources */ = {isa = PBXBuildFile; fileRef = D01BBB772DF05CE500D44366 /* StepPaymentInstruction.swift */; };
		D04BBEF22E59DFF60010A320 /* Test.swift in Sources */ = {isa = PBXBuildFile; fileRef = D04BBEF12E59DFF60010A320 /* Test.swift */; };
		D06CFCED2DF40F8200134CBA /* Document.swift in Sources */ = {isa = PBXBuildFile; fileRef = D06CFCEC2DF40F8200134CBA /* Document.swift */; };
		D09765532E5C5B4B00A0A9A2 /* addUserBottomSheet.swift in Sources */ = {isa = PBXBuildFile; fileRef = D09765522E5C5B4B00A0A9A2 /* addUserBottomSheet.swift */; };
		D09765552E5C95B300A0A9A2 /* CreateGroupView.swift in Sources */ = {isa = PBXBuildFile; fileRef = D09765542E5C95B300A0A9A2 /* CreateGroupView.swift */; };
		D097655A2E5C9AA100A0A9A2 /* func.swift in Sources */ = {isa = PBXBuildFile; fileRef = D09765592E5C9AA100A0A9A2 /* func.swift */; };
		D0A180D42DC8D87C008D8675 /* SupportTicket.swift in Sources */ = {isa = PBXBuildFile; fileRef = D0A180D32DC8D87C008D8675 /* SupportTicket.swift */; };
		D0A180D72DC8D8AE008D8675 /* SupportTicketRequestProtocol.swift in Sources */ = {isa = PBXBuildFile; fileRef = D0A180D62DC8D8AE008D8675 /* SupportTicketRequestProtocol.swift */; };
		D0A180D92DC8E51C008D8675 /* SendMessageResponse.swift in Sources */ = {isa = PBXBuildFile; fileRef = D0A180D82DC8E51C008D8675 /* SendMessageResponse.swift */; };
		D0A181012DC91700008D8675 /* BookingDetailsView.swift in Sources */ = {isa = PBXBuildFile; fileRef = D0A181002DC91700008D8675 /* BookingDetailsView.swift */; };
		D0A181512DCA1F0F008D8675 /* PassportPaymentView.swift in Sources */ = {isa = PBXBuildFile; fileRef = D0A181502DCA1F0F008D8675 /* PassportPaymentView.swift */; };
		D0A181A32DCA25B3008D8675 /* GatewayResponse.swift in Sources */ = {isa = PBXBuildFile; fileRef = D0A181A22DCA25B3008D8675 /* GatewayResponse.swift */; };
		D0A181CD2DCA3390008D8675 /* PaymentLinkResponse.swift in Sources */ = {isa = PBXBuildFile; fileRef = D0A181CC2DCA3390008D8675 /* PaymentLinkResponse.swift */; };
		D0A181CF2DCA406E008D8675 /* PaymentWebView.swift in Sources */ = {isa = PBXBuildFile; fileRef = D0A181CE2DCA406E008D8675 /* PaymentWebView.swift */; };
		D0E909052DAEC51D004DAF3B /* Preview Assets.xcassets in Resources */ = {isa = PBXBuildFile; fileRef = D0E908FB2DAEC51D004DAF3B /* Preview Assets.xcassets */; };
		D0E909062DAEC51D004DAF3B /* Assets.xcassets in Resources */ = {isa = PBXBuildFile; fileRef = D0E908FD2DAEC51D004DAF3B /* Assets.xcassets */; };
		D0E909072DAEC51D004DAF3B /* BubbleAudioView.swift in Sources */ = {isa = PBXBuildFile; fileRef = D0E908F12DAEC51D004DAF3B /* BubbleAudioView.swift */; };
		D0E909082DAEC51D004DAF3B /* BubbleImageView.swift in Sources */ = {isa = PBXBuildFile; fileRef = D0E908F22DAEC51D004DAF3B /* BubbleImageView.swift */; };
		D0E909092DAEC51D004DAF3B /* BubbleTailView.swift in Sources */ = {isa = PBXBuildFile; fileRef = D0E908F32DAEC51D004DAF3B /* BubbleTailView.swift */; };
		D0E9090A2DAEC51D004DAF3B /* BubbleTextView.swift in Sources */ = {isa = PBXBuildFile; fileRef = D0E908F42DAEC51D004DAF3B /* BubbleTextView.swift */; };
		D0E9090B2DAEC51D004DAF3B /* TextInputArea.swift in Sources */ = {isa = PBXBuildFile; fileRef = D0E908F52DAEC51D004DAF3B /* TextInputArea.swift */; };
		D0E9090C2DAEC51D004DAF3B /* BubbleModifier.swift in Sources */ = {isa = PBXBuildFile; fileRef = D0E908F72DAEC51D004DAF3B /* BubbleModifier.swift */; };
		D0E9090D2DAEC51D004DAF3B /* MessageItem.swift in Sources */ = {isa = PBXBuildFile; fileRef = D0E908F92DAEC51D004DAF3B /* MessageItem.swift */; };
		D0E9090E2DAEC51D004DAF3B /* ChatRoomScreen.swift in Sources */ = {isa = PBXBuildFile; fileRef = D0E908FE2DAEC51D004DAF3B /* ChatRoomScreen.swift */; };
		D0E9090F2DAEC51D004DAF3B /* ContentView.swift in Sources */ = {isa = PBXBuildFile; fileRef = D0E908FF2DAEC51D004DAF3B /* ContentView.swift */; };
		D0E909102DAEC51D004DAF3B /* MessageListControllerViewController.swift in Sources */ = {isa = PBXBuildFile; fileRef = D0E909002DAEC51D004DAF3B /* MessageListControllerViewController.swift */; };
		D0E909112DAEC51D004DAF3B /* MessageListView.swift in Sources */ = {isa = PBXBuildFile; fileRef = D0E909012DAEC51D004DAF3B /* MessageListView.swift */; };
		D0E909122DAEC51D004DAF3B /* WhatAppProjectApp.swift in Sources */ = {isa = PBXBuildFile; fileRef = D0E909032DAEC51D004DAF3B /* WhatAppProjectApp.swift */; };
		D0E909152DAEC530004DAF3B /* ChatViewModel.swift in Sources */ = {isa = PBXBuildFile; fileRef = D0E909142DAEC52F004DAF3B /* ChatViewModel.swift */; };
		D0E9091D2DAEEE6E004DAF3B /* Extension.swift in Sources */ = {isa = PBXBuildFile; fileRef = D0E9091C2DAEEE6E004DAF3B /* Extension.swift */; };
		D0E909E92DB169F6004DAF3B /* MediaAttachmentPreview.swift in Sources */ = {isa = PBXBuildFile; fileRef = D0E909E82DB169F6004DAF3B /* MediaAttachmentPreview.swift */; };
		D0E909EB2DB28E24004DAF3B /* MediaImageModel.swift in Sources */ = {isa = PBXBuildFile; fileRef = D0E909EA2DB28E24004DAF3B /* MediaImageModel.swift */; };
		D0FEB2D22E01E0E800442430 /* MarketPlaceImageCell.swift in Sources */ = {isa = PBXBuildFile; fileRef = D0FEB2D12E01E0E800442430 /* MarketPlaceImageCell.swift */; };
		D0FEB2D42E01F09500442430 /* SelectHotelRoomCell.swift in Sources */ = {isa = PBXBuildFile; fileRef = D0FEB2D32E01F09500442430 /* SelectHotelRoomCell.swift */; };
		D0FEB2D72E026B9100442430 /* SDWebImage in Frameworks */ = {isa = PBXBuildFile; productRef = D0FEB2D62E026B9100442430 /* SDWebImage */; };
		D0FEB2D92E026B9100442430 /* SDWebImageMapKit in Frameworks */ = {isa = PBXBuildFile; productRef = D0FEB2D82E026B9100442430 /* SDWebImageMapKit */; };
		D0FEB2DB2E026BC500442430 /* MarketPlaces.swift in Sources */ = {isa = PBXBuildFile; fileRef = D0FEB2DA2E026BC500442430 /* MarketPlaces.swift */; };
		D0FEB2DD2E026C1F00442430 /* ViewControllerPreview.swift in Sources */ = {isa = PBXBuildFile; fileRef = D0FEB2DC2E026C1F00442430 /* ViewControllerPreview.swift */; };
/* End PBXBuildFile section */

/* Begin PBXContainerItemProxy section */
		D0E908BE2DAEBB2E004DAF3B /* PBXContainerItemProxy */ = {
			isa = PBXContainerItemProxy;
			containerPortal = D0E908A42DAEBB2B004DAF3B /* Project object */;
			proxyType = 1;
			remoteGlobalIDString = D0E908AB2DAEBB2B004DAF3B;
			remoteInfo = WhatAppProject;
		};
		D0E908C82DAEBB2E004DAF3B /* PBXContainerItemProxy */ = {
			isa = PBXContainerItemProxy;
			containerPortal = D0E908A42DAEBB2B004DAF3B /* Project object */;
			proxyType = 1;
			remoteGlobalIDString = D0E908AB2DAEBB2B004DAF3B;
			remoteInfo = WhatAppProject;
		};
/* End PBXContainerItemProxy section */

/* Begin PBXFileReference section */
		D00407DA2DE741840098E654 /* StepView.swift */ = {isa = PBXFileReference; lastKnownFileType = sourcecode.swift; path = StepView.swift; sourceTree = "<group>"; };
		D00407DC2DE758030098E654 /* ApplicationReason.swift */ = {isa = PBXFileReference; lastKnownFileType = sourcecode.swift; path = ApplicationReason.swift; sourceTree = "<group>"; };
		D004080B2DE75F730098E654 /* StepViewModel.swift */ = {isa = PBXFileReference; lastKnownFileType = sourcecode.swift; path = StepViewModel.swift; sourceTree = "<group>"; };
		D004083D2DE9EFC60098E654 /* ETCDataResponse.swift */ = {isa = PBXFileReference; lastKnownFileType = sourcecode.swift; path = ETCDataResponse.swift; sourceTree = "<group>"; };
		D01BBB772DF05CE500D44366 /* StepPaymentInstruction.swift */ = {isa = PBXFileReference; lastKnownFileType = sourcecode.swift; path = StepPaymentInstruction.swift; sourceTree = "<group>"; };
		D04BBEF12E59DFF60010A320 /* Test.swift */ = {isa = PBXFileReference; lastKnownFileType = sourcecode.swift; path = Test.swift; sourceTree = "<group>"; };
		D06CFCEC2DF40F8200134CBA /* Document.swift */ = {isa = PBXFileReference; lastKnownFileType = sourcecode.swift; path = Document.swift; sourceTree = "<group>"; };
		D09765522E5C5B4B00A0A9A2 /* addUserBottomSheet.swift */ = {isa = PBXFileReference; lastKnownFileType = sourcecode.swift; path = addUserBottomSheet.swift; sourceTree = "<group>"; };
		D09765542E5C95B300A0A9A2 /* CreateGroupView.swift */ = {isa = PBXFileReference; lastKnownFileType = sourcecode.swift; path = CreateGroupView.swift; sourceTree = "<group>"; };
		D09765592E5C9AA100A0A9A2 /* func.swift */ = {isa = PBXFileReference; lastKnownFileType = sourcecode.swift; path = func.swift; sourceTree = "<group>"; };
		D0A180D32DC8D87C008D8675 /* SupportTicket.swift */ = {isa = PBXFileReference; lastKnownFileType = sourcecode.swift; path = SupportTicket.swift; sourceTree = "<group>"; };
		D0A180D62DC8D8AE008D8675 /* SupportTicketRequestProtocol.swift */ = {isa = PBXFileReference; lastKnownFileType = sourcecode.swift; path = SupportTicketRequestProtocol.swift; sourceTree = "<group>"; };
		D0A180D82DC8E51C008D8675 /* SendMessageResponse.swift */ = {isa = PBXFileReference; lastKnownFileType = sourcecode.swift; path = SendMessageResponse.swift; sourceTree = "<group>"; };
		D0A181002DC91700008D8675 /* BookingDetailsView.swift */ = {isa = PBXFileReference; lastKnownFileType = sourcecode.swift; path = BookingDetailsView.swift; sourceTree = "<group>"; };
		D0A181502DCA1F0F008D8675 /* PassportPaymentView.swift */ = {isa = PBXFileReference; lastKnownFileType = sourcecode.swift; path = PassportPaymentView.swift; sourceTree = "<group>"; };
		D0A181A22DCA25B3008D8675 /* GatewayResponse.swift */ = {isa = PBXFileReference; lastKnownFileType = sourcecode.swift; path = GatewayResponse.swift; sourceTree = "<group>"; };
		D0A181CC2DCA3390008D8675 /* PaymentLinkResponse.swift */ = {isa = PBXFileReference; lastKnownFileType = sourcecode.swift; path = PaymentLinkResponse.swift; sourceTree = "<group>"; };
		D0A181CE2DCA406E008D8675 /* PaymentWebView.swift */ = {isa = PBXFileReference; lastKnownFileType = sourcecode.swift; path = PaymentWebView.swift; sourceTree = "<group>"; };
		D0E908AC2DAEBB2B004DAF3B /* WhatAppProject.app */ = {isa = PBXFileReference; explicitFileType = wrapper.application; includeInIndex = 0; path = WhatAppProject.app; sourceTree = BUILT_PRODUCTS_DIR; };
		D0E908BD2DAEBB2E004DAF3B /* WhatAppProjectTests.xctest */ = {isa = PBXFileReference; explicitFileType = wrapper.cfbundle; includeInIndex = 0; path = WhatAppProjectTests.xctest; sourceTree = BUILT_PRODUCTS_DIR; };
		D0E908C72DAEBB2E004DAF3B /* WhatAppProjectUITests.xctest */ = {isa = PBXFileReference; explicitFileType = wrapper.cfbundle; includeInIndex = 0; path = WhatAppProjectUITests.xctest; sourceTree = BUILT_PRODUCTS_DIR; };
		D0E908F12DAEC51D004DAF3B /* BubbleAudioView.swift */ = {isa = PBXFileReference; lastKnownFileType = sourcecode.swift; path = BubbleAudioView.swift; sourceTree = "<group>"; };
		D0E908F22DAEC51D004DAF3B /* BubbleImageView.swift */ = {isa = PBXFileReference; lastKnownFileType = sourcecode.swift; path = BubbleImageView.swift; sourceTree = "<group>"; };
		D0E908F32DAEC51D004DAF3B /* BubbleTailView.swift */ = {isa = PBXFileReference; lastKnownFileType = sourcecode.swift; path = BubbleTailView.swift; sourceTree = "<group>"; };
		D0E908F42DAEC51D004DAF3B /* BubbleTextView.swift */ = {isa = PBXFileReference; lastKnownFileType = sourcecode.swift; path = BubbleTextView.swift; sourceTree = "<group>"; };
		D0E908F52DAEC51D004DAF3B /* TextInputArea.swift */ = {isa = PBXFileReference; lastKnownFileType = sourcecode.swift; path = TextInputArea.swift; sourceTree = "<group>"; };
		D0E908F72DAEC51D004DAF3B /* BubbleModifier.swift */ = {isa = PBXFileReference; lastKnownFileType = sourcecode.swift; path = BubbleModifier.swift; sourceTree = "<group>"; };
		D0E908F92DAEC51D004DAF3B /* MessageItem.swift */ = {isa = PBXFileReference; lastKnownFileType = sourcecode.swift; path = MessageItem.swift; sourceTree = "<group>"; };
		D0E908FB2DAEC51D004DAF3B /* Preview Assets.xcassets */ = {isa = PBXFileReference; lastKnownFileType = folder.assetcatalog; path = "Preview Assets.xcassets"; sourceTree = "<group>"; };
		D0E908FD2DAEC51D004DAF3B /* Assets.xcassets */ = {isa = PBXFileReference; lastKnownFileType = folder.assetcatalog; path = Assets.xcassets; sourceTree = "<group>"; };
		D0E908FE2DAEC51D004DAF3B /* ChatRoomScreen.swift */ = {isa = PBXFileReference; lastKnownFileType = sourcecode.swift; path = ChatRoomScreen.swift; sourceTree = "<group>"; };
		D0E908FF2DAEC51D004DAF3B /* ContentView.swift */ = {isa = PBXFileReference; lastKnownFileType = sourcecode.swift; path = ContentView.swift; sourceTree = "<group>"; };
		D0E909002DAEC51D004DAF3B /* MessageListControllerViewController.swift */ = {isa = PBXFileReference; lastKnownFileType = sourcecode.swift; path = MessageListControllerViewController.swift; sourceTree = "<group>"; };
		D0E909012DAEC51D004DAF3B /* MessageListView.swift */ = {isa = PBXFileReference; lastKnownFileType = sourcecode.swift; path = MessageListView.swift; sourceTree = "<group>"; };
		D0E909022DAEC51D004DAF3B /* WhatAppProject.entitlements */ = {isa = PBXFileReference; lastKnownFileType = text.plist.entitlements; path = WhatAppProject.entitlements; sourceTree = "<group>"; };
		D0E909032DAEC51D004DAF3B /* WhatAppProjectApp.swift */ = {isa = PBXFileReference; lastKnownFileType = sourcecode.swift; path = WhatAppProjectApp.swift; sourceTree = "<group>"; };
		D0E909142DAEC52F004DAF3B /* ChatViewModel.swift */ = {isa = PBXFileReference; lastKnownFileType = sourcecode.swift; path = ChatViewModel.swift; sourceTree = "<group>"; };
		D0E9091C2DAEEE6E004DAF3B /* Extension.swift */ = {isa = PBXFileReference; lastKnownFileType = sourcecode.swift; path = Extension.swift; sourceTree = "<group>"; };
		D0E909E82DB169F6004DAF3B /* MediaAttachmentPreview.swift */ = {isa = PBXFileReference; lastKnownFileType = sourcecode.swift; path = MediaAttachmentPreview.swift; sourceTree = "<group>"; };
		D0E909EA2DB28E24004DAF3B /* MediaImageModel.swift */ = {isa = PBXFileReference; lastKnownFileType = sourcecode.swift; path = MediaImageModel.swift; sourceTree = "<group>"; };
		D0FEB2D12E01E0E800442430 /* MarketPlaceImageCell.swift */ = {isa = PBXFileReference; lastKnownFileType = sourcecode.swift; path = MarketPlaceImageCell.swift; sourceTree = "<group>"; };
		D0FEB2D32E01F09500442430 /* SelectHotelRoomCell.swift */ = {isa = PBXFileReference; lastKnownFileType = sourcecode.swift; path = SelectHotelRoomCell.swift; sourceTree = "<group>"; };
		D0FEB2DA2E026BC500442430 /* MarketPlaces.swift */ = {isa = PBXFileReference; lastKnownFileType = sourcecode.swift; path = MarketPlaces.swift; sourceTree = "<group>"; };
		D0FEB2DC2E026C1F00442430 /* ViewControllerPreview.swift */ = {isa = PBXFileReference; lastKnownFileType = sourcecode.swift; path = ViewControllerPreview.swift; sourceTree = "<group>"; };
/* End PBXFileReference section */

/* Begin PBXFrameworksBuildPhase section */
		D0E908A92DAEBB2B004DAF3B /* Frameworks */ = {
			isa = PBXFrameworksBuildPhase;
			buildActionMask = 2147483647;
			files = (
				D0FEB2D92E026B9100442430 /* SDWebImageMapKit in Frameworks */,
				D0FEB2D72E026B9100442430 /* SDWebImage in Frameworks */,
			);
			runOnlyForDeploymentPostprocessing = 0;
		};
		D0E908BA2DAEBB2E004DAF3B /* Frameworks */ = {
			isa = PBXFrameworksBuildPhase;
			buildActionMask = 2147483647;
			files = (
			);
			runOnlyForDeploymentPostprocessing = 0;
		};
		D0E908C42DAEBB2E004DAF3B /* Frameworks */ = {
			isa = PBXFrameworksBuildPhase;
			buildActionMask = 2147483647;
			files = (
			);
			runOnlyForDeploymentPostprocessing = 0;
		};
/* End PBXFrameworksBuildPhase section */

/* Begin PBXGroup section */
		D00407D92DE741710098E654 /* Views */ = {
			isa = PBXGroup;
			children = (
				D00407DA2DE741840098E654 /* StepView.swift */,
				D0FEB2D12E01E0E800442430 /* MarketPlaceImageCell.swift */,
				D0FEB2D32E01F09500442430 /* SelectHotelRoomCell.swift */,
				D0FEB2DC2E026C1F00442430 /* ViewControllerPreview.swift */,
				D01BBB772DF05CE500D44366 /* StepPaymentInstruction.swift */,
				D00407DC2DE758030098E654 /* ApplicationReason.swift */,
				D04BBEF32E59E04B0010A320 /* Gopaddi */,
			);
			path = Views;
			sourceTree = "<group>";
		};
		D04BBEF32E59E04B0010A320 /* Gopaddi */ = {
			isa = PBXGroup;
			children = (
				D04BBEF12E59DFF60010A320 /* Test.swift */,
				D09765522E5C5B4B00A0A9A2 /* addUserBottomSheet.swift */,
				D09765542E5C95B300A0A9A2 /* CreateGroupView.swift */,
			);
			path = Gopaddi;
			sourceTree = "<group>";
		};
		D0A180D52DC8D8A8008D8675 /* Manager  */ = {
			isa = PBXGroup;
			children = (
				D0A180D62DC8D8AE008D8675 /* SupportTicketRequestProtocol.swift */,
			);
			path = "Manager ";
			sourceTree = "<group>";
		};
		D0E908A32DAEBB2B004DAF3B = {
			isa = PBXGroup;
			children = (
				D0E909042DAEC51D004DAF3B /* WhatAppProject */,
				D0E908AD2DAEBB2B004DAF3B /* Products */,
			);
			sourceTree = "<group>";
		};
		D0E908AD2DAEBB2B004DAF3B /* Products */ = {
			isa = PBXGroup;
			children = (
				D0E908AC2DAEBB2B004DAF3B /* WhatAppProject.app */,
				D0E908BD2DAEBB2E004DAF3B /* WhatAppProjectTests.xctest */,
				D0E908C72DAEBB2E004DAF3B /* WhatAppProjectUITests.xctest */,
			);
			name = Products;
			sourceTree = "<group>";
		};
		D0E908F62DAEC51D004DAF3B /* Components */ = {
			isa = PBXGroup;
			children = (
				D0E908F12DAEC51D004DAF3B /* BubbleAudioView.swift */,
				D0E908F22DAEC51D004DAF3B /* BubbleImageView.swift */,
				D0A181502DCA1F0F008D8675 /* PassportPaymentView.swift */,
				D0E908F32DAEC51D004DAF3B /* BubbleTailView.swift */,
				D0E908F42DAEC51D004DAF3B /* BubbleTextView.swift */,
				D0E908F52DAEC51D004DAF3B /* TextInputArea.swift */,
				D0A181002DC91700008D8675 /* BookingDetailsView.swift */,
			);
			path = Components;
			sourceTree = "<group>";
		};
		D0E908F82DAEC51D004DAF3B /* Helpers */ = {
			isa = PBXGroup;
			children = (
				D09765592E5C9AA100A0A9A2 /* func.swift */,
				D0E908F72DAEC51D004DAF3B /* BubbleModifier.swift */,
				D0E9091C2DAEEE6E004DAF3B /* Extension.swift */,
			);
			path = Helpers;
			sourceTree = "<group>";
		};
		D0E908FA2DAEC51D004DAF3B /* Models */ = {
			isa = PBXGroup;
			children = (
				D0FEB2DA2E026BC500442430 /* MarketPlaces.swift */,
				D06CFCEC2DF40F8200134CBA /* Document.swift */,
				D0A181A22DCA25B3008D8675 /* GatewayResponse.swift */,
				D004083D2DE9EFC60098E654 /* ETCDataResponse.swift */,
				D0A181CC2DCA3390008D8675 /* PaymentLinkResponse.swift */,
				D0E908F92DAEC51D004DAF3B /* MessageItem.swift */,
				D0A180D82DC8E51C008D8675 /* SendMessageResponse.swift */,
				D0A180D32DC8D87C008D8675 /* SupportTicket.swift */,
				D0E909EA2DB28E24004DAF3B /* MediaImageModel.swift */,
			);
			path = Models;
			sourceTree = "<group>";
		};
		D0E908FC2DAEC51D004DAF3B /* Preview Content */ = {
			isa = PBXGroup;
			children = (
				D0E908FB2DAEC51D004DAF3B /* Preview Assets.xcassets */,
			);
			path = "Preview Content";
			sourceTree = "<group>";
		};
		D0E909042DAEC51D004DAF3B /* WhatAppProject */ = {
			isa = PBXGroup;
			children = (
				D00407D92DE741710098E654 /* Views */,
				D0A180D52DC8D8A8008D8675 /* Manager  */,
				D0E909132DAEC526004DAF3B /* ViewModel */,
				D0E908F62DAEC51D004DAF3B /* Components */,
				D0E908F82DAEC51D004DAF3B /* Helpers */,
				D0E908FA2DAEC51D004DAF3B /* Models */,
				D0E908FC2DAEC51D004DAF3B /* Preview Content */,
				D0E908FD2DAEC51D004DAF3B /* Assets.xcassets */,
				D0E909022DAEC51D004DAF3B /* WhatAppProject.entitlements */,
				D0E909032DAEC51D004DAF3B /* WhatAppProjectApp.swift */,
				D0E909E62DB1699D004DAF3B /* Main */,
			);
			path = WhatAppProject;
			sourceTree = "<group>";
		};
		D0E909132DAEC526004DAF3B /* ViewModel */ = {
			isa = PBXGroup;
			children = (
				D0E909142DAEC52F004DAF3B /* ChatViewModel.swift */,
				D004080B2DE75F730098E654 /* StepViewModel.swift */,
			);
			path = ViewModel;
			sourceTree = "<group>";
		};
		D0E909E62DB1699D004DAF3B /* Main */ = {
			isa = PBXGroup;
			children = (
				D0E909E72DB169D8004DAF3B /* Chat */,
				D0E908FF2DAEC51D004DAF3B /* ContentView.swift */,
				D0E909012DAEC51D004DAF3B /* MessageListView.swift */,
				D0E909002DAEC51D004DAF3B /* MessageListControllerViewController.swift */,
				D0E908FE2DAEC51D004DAF3B /* ChatRoomScreen.swift */,
			);
			path = Main;
			sourceTree = "<group>";
		};
		D0E909E72DB169D8004DAF3B /* Chat */ = {
			isa = PBXGroup;
			children = (
				D0E909E82DB169F6004DAF3B /* MediaAttachmentPreview.swift */,
				D0A181CE2DCA406E008D8675 /* PaymentWebView.swift */,
			);
			path = Chat;
			sourceTree = "<group>";
		};
/* End PBXGroup section */

/* Begin PBXNativeTarget section */
		D0E908AB2DAEBB2B004DAF3B /* WhatAppProject */ = {
			isa = PBXNativeTarget;
			buildConfigurationList = D0E908D12DAEBB2E004DAF3B /* Build configuration list for PBXNativeTarget "WhatAppProject" */;
			buildPhases = (
				D0E908A82DAEBB2B004DAF3B /* Sources */,
				D0E908A92DAEBB2B004DAF3B /* Frameworks */,
				D0E908AA2DAEBB2B004DAF3B /* Resources */,
			);
			buildRules = (
			);
			dependencies = (
			);
			name = WhatAppProject;
			packageProductDependencies = (
				D0FEB2D62E026B9100442430 /* SDWebImage */,
				D0FEB2D82E026B9100442430 /* SDWebImageMapKit */,
			);
			productName = WhatAppProject;
			productReference = D0E908AC2DAEBB2B004DAF3B /* WhatAppProject.app */;
			productType = "com.apple.product-type.application";
		};
		D0E908BC2DAEBB2E004DAF3B /* WhatAppProjectTests */ = {
			isa = PBXNativeTarget;
			buildConfigurationList = D0E908D42DAEBB2E004DAF3B /* Build configuration list for PBXNativeTarget "WhatAppProjectTests" */;
			buildPhases = (
				D0E908B92DAEBB2E004DAF3B /* Sources */,
				D0E908BA2DAEBB2E004DAF3B /* Frameworks */,
				D0E908BB2DAEBB2E004DAF3B /* Resources */,
			);
			buildRules = (
			);
			dependencies = (
				D0E908BF2DAEBB2E004DAF3B /* PBXTargetDependency */,
			);
			name = WhatAppProjectTests;
			packageProductDependencies = (
			);
			productName = WhatAppProjectTests;
			productReference = D0E908BD2DAEBB2E004DAF3B /* WhatAppProjectTests.xctest */;
			productType = "com.apple.product-type.bundle.unit-test";
		};
		D0E908C62DAEBB2E004DAF3B /* WhatAppProjectUITests */ = {
			isa = PBXNativeTarget;
			buildConfigurationList = D0E908D72DAEBB2E004DAF3B /* Build configuration list for PBXNativeTarget "WhatAppProjectUITests" */;
			buildPhases = (
				D0E908C32DAEBB2E004DAF3B /* Sources */,
				D0E908C42DAEBB2E004DAF3B /* Frameworks */,
				D0E908C52DAEBB2E004DAF3B /* Resources */,
			);
			buildRules = (
			);
			dependencies = (
				D0E908C92DAEBB2E004DAF3B /* PBXTargetDependency */,
			);
			name = WhatAppProjectUITests;
			packageProductDependencies = (
			);
			productName = WhatAppProjectUITests;
			productReference = D0E908C72DAEBB2E004DAF3B /* WhatAppProjectUITests.xctest */;
			productType = "com.apple.product-type.bundle.ui-testing";
		};
/* End PBXNativeTarget section */

/* Begin PBXProject section */
		D0E908A42DAEBB2B004DAF3B /* Project object */ = {
			isa = PBXProject;
			attributes = {
				BuildIndependentTargetsInParallel = 1;
				LastSwiftUpdateCheck = 1620;
				LastUpgradeCheck = 1620;
				TargetAttributes = {
					D0E908AB2DAEBB2B004DAF3B = {
						CreatedOnToolsVersion = 16.2;
					};
					D0E908BC2DAEBB2E004DAF3B = {
						CreatedOnToolsVersion = 16.2;
						TestTargetID = D0E908AB2DAEBB2B004DAF3B;
					};
					D0E908C62DAEBB2E004DAF3B = {
						CreatedOnToolsVersion = 16.2;
						TestTargetID = D0E908AB2DAEBB2B004DAF3B;
					};
				};
			};
			buildConfigurationList = D0E908A72DAEBB2B004DAF3B /* Build configuration list for PBXProject "WhatAppProject" */;
			developmentRegion = en;
			hasScannedForEncodings = 0;
			knownRegions = (
				en,
				Base,
			);
			mainGroup = D0E908A32DAEBB2B004DAF3B;
			minimizedProjectReferenceProxies = 1;
			packageReferences = (
				D0FEB2D52E026B9100442430 /* XCRemoteSwiftPackageReference "SDWebImage" */,
			);
			preferredProjectObjectVersion = 77;
			productRefGroup = D0E908AD2DAEBB2B004DAF3B /* Products */;
			projectDirPath = "";
			projectRoot = "";
			targets = (
				D0E908AB2DAEBB2B004DAF3B /* WhatAppProject */,
				D0E908BC2DAEBB2E004DAF3B /* WhatAppProjectTests */,
				D0E908C62DAEBB2E004DAF3B /* WhatAppProjectUITests */,
			);
		};
/* End PBXProject section */

/* Begin PBXResourcesBuildPhase section */
		D0E908AA2DAEBB2B004DAF3B /* Resources */ = {
			isa = PBXResourcesBuildPhase;
			buildActionMask = 2147483647;
			files = (
				D0E909052DAEC51D004DAF3B /* Preview Assets.xcassets in Resources */,
				D0E909062DAEC51D004DAF3B /* Assets.xcassets in Resources */,
			);
			runOnlyForDeploymentPostprocessing = 0;
		};
		D0E908BB2DAEBB2E004DAF3B /* Resources */ = {
			isa = PBXResourcesBuildPhase;
			buildActionMask = 2147483647;
			files = (
			);
			runOnlyForDeploymentPostprocessing = 0;
		};
		D0E908C52DAEBB2E004DAF3B /* Resources */ = {
			isa = PBXResourcesBuildPhase;
			buildActionMask = 2147483647;
			files = (
			);
			runOnlyForDeploymentPostprocessing = 0;
		};
/* End PBXResourcesBuildPhase section */

/* Begin PBXSourcesBuildPhase section */
		D0E908A82DAEBB2B004DAF3B /* Sources */ = {
			isa = PBXSourcesBuildPhase;
			buildActionMask = 2147483647;
			files = (
				D0E909E92DB169F6004DAF3B /* MediaAttachmentPreview.swift in Sources */,
				D09765552E5C95B300A0A9A2 /* CreateGroupView.swift in Sources */,
				D0A181A32DCA25B3008D8675 /* GatewayResponse.swift in Sources */,
				D0E909072DAEC51D004DAF3B /* BubbleAudioView.swift in Sources */,
				D00407DB2DE741840098E654 /* StepView.swift in Sources */,
				D0E909082DAEC51D004DAF3B /* BubbleImageView.swift in Sources */,
				D0A181512DCA1F0F008D8675 /* PassportPaymentView.swift in Sources */,
				D0FEB2D22E01E0E800442430 /* MarketPlaceImageCell.swift in Sources */,
				D0E909092DAEC51D004DAF3B /* BubbleTailView.swift in Sources */,
				D0A181CF2DCA406E008D8675 /* PaymentWebView.swift in Sources */,
				D0FEB2DD2E026C1F00442430 /* ViewControllerPreview.swift in Sources */,
				D01BBB782DF05CE500D44366 /* StepPaymentInstruction.swift in Sources */,
				D0E909EB2DB28E24004DAF3B /* MediaImageModel.swift in Sources */,
				D097655A2E5C9AA100A0A9A2 /* func.swift in Sources */,
				D0E9090A2DAEC51D004DAF3B /* BubbleTextView.swift in Sources */,
				D0FEB2DB2E026BC500442430 /* MarketPlaces.swift in Sources */,
				D0E9090B2DAEC51D004DAF3B /* TextInputArea.swift in Sources */,
				D0FEB2D42E01F09500442430 /* SelectHotelRoomCell.swift in Sources */,
				D0E9090C2DAEC51D004DAF3B /* BubbleModifier.swift in Sources */,
				D04BBEF22E59DFF60010A320 /* Test.swift in Sources */,
				D0E9090D2DAEC51D004DAF3B /* MessageItem.swift in Sources */,
				D06CFCED2DF40F8200134CBA /* Document.swift in Sources */,
				D004083E2DE9EFC60098E654 /* ETCDataResponse.swift in Sources */,
				D0A181012DC91700008D8675 /* BookingDetailsView.swift in Sources */,
				D0A181CD2DCA3390008D8675 /* PaymentLinkResponse.swift in Sources */,
				D0A180D72DC8D8AE008D8675 /* SupportTicketRequestProtocol.swift in Sources */,
				D0A180D42DC8D87C008D8675 /* SupportTicket.swift in Sources */,
				D09765532E5C5B4B00A0A9A2 /* addUserBottomSheet.swift in Sources */,
				D0E9090E2DAEC51D004DAF3B /* ChatRoomScreen.swift in Sources */,
				D004080C2DE75F7E0098E654 /* StepViewModel.swift in Sources */,
				D0E9090F2DAEC51D004DAF3B /* ContentView.swift in Sources */,
				D0A180D92DC8E51C008D8675 /* SendMessageResponse.swift in Sources */,
				D0E9091D2DAEEE6E004DAF3B /* Extension.swift in Sources */,
				D0E909102DAEC51D004DAF3B /* MessageListControllerViewController.swift in Sources */,
				D00407DD2DE758030098E654 /* ApplicationReason.swift in Sources */,
				D0E909152DAEC530004DAF3B /* ChatViewModel.swift in Sources */,
				D0E909112DAEC51D004DAF3B /* MessageListView.swift in Sources */,
				D0E909122DAEC51D004DAF3B /* WhatAppProjectApp.swift in Sources */,
			);
			runOnlyForDeploymentPostprocessing = 0;
		};
		D0E908B92DAEBB2E004DAF3B /* Sources */ = {
			isa = PBXSourcesBuildPhase;
			buildActionMask = 2147483647;
			files = (
			);
			runOnlyForDeploymentPostprocessing = 0;
		};
		D0E908C32DAEBB2E004DAF3B /* Sources */ = {
			isa = PBXSourcesBuildPhase;
			buildActionMask = 2147483647;
			files = (
			);
			runOnlyForDeploymentPostprocessing = 0;
		};
/* End PBXSourcesBuildPhase section */

/* Begin PBXTargetDependency section */
		D0E908BF2DAEBB2E004DAF3B /* PBXTargetDependency */ = {
			isa = PBXTargetDependency;
			target = D0E908AB2DAEBB2B004DAF3B /* WhatAppProject */;
			targetProxy = D0E908BE2DAEBB2E004DAF3B /* PBXContainerItemProxy */;
		};
		D0E908C92DAEBB2E004DAF3B /* PBXTargetDependency */ = {
			isa = PBXTargetDependency;
			target = D0E908AB2DAEBB2B004DAF3B /* WhatAppProject */;
			targetProxy = D0E908C82DAEBB2E004DAF3B /* PBXContainerItemProxy */;
		};
/* End PBXTargetDependency section */

/* Begin XCBuildConfiguration section */
		D0E908CF2DAEBB2E004DAF3B /* Debug */ = {
			isa = XCBuildConfiguration;
			buildSettings = {
				ALWAYS_SEARCH_USER_PATHS = NO;
				ASSETCATALOG_COMPILER_GENERATE_SWIFT_ASSET_SYMBOL_EXTENSIONS = YES;
				CLANG_ANALYZER_NONNULL = YES;
				CLANG_ANALYZER_NUMBER_OBJECT_CONVERSION = YES_AGGRESSIVE;
				CLANG_CXX_LANGUAGE_STANDARD = "gnu++20";
				CLANG_ENABLE_MODULES = YES;
				CLANG_ENABLE_OBJC_ARC = YES;
				CLANG_ENABLE_OBJC_WEAK = YES;
				CLANG_WARN_BLOCK_CAPTURE_AUTORELEASING = YES;
				CLANG_WARN_BOOL_CONVERSION = YES;
				CLANG_WARN_COMMA = YES;
				CLANG_WARN_CONSTANT_CONVERSION = YES;
				CLANG_WARN_DEPRECATED_OBJC_IMPLEMENTATIONS = YES;
				CLANG_WARN_DIRECT_OBJC_ISA_USAGE = YES_ERROR;
				CLANG_WARN_DOCUMENTATION_COMMENTS = YES;
				CLANG_WARN_EMPTY_BODY = YES;
				CLANG_WARN_ENUM_CONVERSION = YES;
				CLANG_WARN_INFINITE_RECURSION = YES;
				CLANG_WARN_INT_CONVERSION = YES;
				CLANG_WARN_NON_LITERAL_NULL_CONVERSION = YES;
				CLANG_WARN_OBJC_IMPLICIT_RETAIN_SELF = YES;
				CLANG_WARN_OBJC_LITERAL_CONVERSION = YES;
				CLANG_WARN_OBJC_ROOT_CLASS = YES_ERROR;
				CLANG_WARN_QUOTED_INCLUDE_IN_FRAMEWORK_HEADER = YES;
				CLANG_WARN_RANGE_LOOP_ANALYSIS = YES;
				CLANG_WARN_STRICT_PROTOTYPES = YES;
				CLANG_WARN_SUSPICIOUS_MOVE = YES;
				CLANG_WARN_UNGUARDED_AVAILABILITY = YES_AGGRESSIVE;
				CLANG_WARN_UNREACHABLE_CODE = YES;
				CLANG_WARN__DUPLICATE_METHOD_MATCH = YES;
				COPY_PHASE_STRIP = NO;
				DEBUG_INFORMATION_FORMAT = dwarf;
				ENABLE_STRICT_OBJC_MSGSEND = YES;
				ENABLE_TESTABILITY = YES;
				ENABLE_USER_SCRIPT_SANDBOXING = YES;
				GCC_C_LANGUAGE_STANDARD = gnu17;
				GCC_DYNAMIC_NO_PIC = NO;
				GCC_NO_COMMON_BLOCKS = YES;
				GCC_OPTIMIZATION_LEVEL = 0;
				GCC_PREPROCESSOR_DEFINITIONS = (
					"DEBUG=1",
					"$(inherited)",
				);
				GCC_WARN_64_TO_32_BIT_CONVERSION = YES;
				GCC_WARN_ABOUT_RETURN_TYPE = YES_ERROR;
				GCC_WARN_UNDECLARED_SELECTOR = YES;
				GCC_WARN_UNINITIALIZED_AUTOS = YES_AGGRESSIVE;
				GCC_WARN_UNUSED_FUNCTION = YES;
				GCC_WARN_UNUSED_VARIABLE = YES;
				LOCALIZATION_PREFERS_STRING_CATALOGS = YES;
				MACOSX_DEPLOYMENT_TARGET = 15.2;
				MTL_ENABLE_DEBUG_INFO = INCLUDE_SOURCE;
				MTL_FAST_MATH = YES;
				ONLY_ACTIVE_ARCH = YES;
				SDKROOT = macosx;
				SWIFT_ACTIVE_COMPILATION_CONDITIONS = "DEBUG $(inherited)";
				SWIFT_OPTIMIZATION_LEVEL = "-Onone";
			};
			name = Debug;
		};
		D0E908D02DAEBB2E004DAF3B /* Release */ = {
			isa = XCBuildConfiguration;
			buildSettings = {
				ALWAYS_SEARCH_USER_PATHS = NO;
				ASSETCATALOG_COMPILER_GENERATE_SWIFT_ASSET_SYMBOL_EXTENSIONS = YES;
				CLANG_ANALYZER_NONNULL = YES;
				CLANG_ANALYZER_NUMBER_OBJECT_CONVERSION = YES_AGGRESSIVE;
				CLANG_CXX_LANGUAGE_STANDARD = "gnu++20";
				CLANG_ENABLE_MODULES = YES;
				CLANG_ENABLE_OBJC_ARC = YES;
				CLANG_ENABLE_OBJC_WEAK = YES;
				CLANG_WARN_BLOCK_CAPTURE_AUTORELEASING = YES;
				CLANG_WARN_BOOL_CONVERSION = YES;
				CLANG_WARN_COMMA = YES;
				CLANG_WARN_CONSTANT_CONVERSION = YES;
				CLANG_WARN_DEPRECATED_OBJC_IMPLEMENTATIONS = YES;
				CLANG_WARN_DIRECT_OBJC_ISA_USAGE = YES_ERROR;
				CLANG_WARN_DOCUMENTATION_COMMENTS = YES;
				CLANG_WARN_EMPTY_BODY = YES;
				CLANG_WARN_ENUM_CONVERSION = YES;
				CLANG_WARN_INFINITE_RECURSION = YES;
				CLANG_WARN_INT_CONVERSION = YES;
				CLANG_WARN_NON_LITERAL_NULL_CONVERSION = YES;
				CLANG_WARN_OBJC_IMPLICIT_RETAIN_SELF = YES;
				CLANG_WARN_OBJC_LITERAL_CONVERSION = YES;
				CLANG_WARN_OBJC_ROOT_CLASS = YES_ERROR;
				CLANG_WARN_QUOTED_INCLUDE_IN_FRAMEWORK_HEADER = YES;
				CLANG_WARN_RANGE_LOOP_ANALYSIS = YES;
				CLANG_WARN_STRICT_PROTOTYPES = YES;
				CLANG_WARN_SUSPICIOUS_MOVE = YES;
				CLANG_WARN_UNGUARDED_AVAILABILITY = YES_AGGRESSIVE;
				CLANG_WARN_UNREACHABLE_CODE = YES;
				CLANG_WARN__DUPLICATE_METHOD_MATCH = YES;
				COPY_PHASE_STRIP = NO;
				DEBUG_INFORMATION_FORMAT = "dwarf-with-dsym";
				ENABLE_NS_ASSERTIONS = NO;
				ENABLE_STRICT_OBJC_MSGSEND = YES;
				ENABLE_USER_SCRIPT_SANDBOXING = YES;
				GCC_C_LANGUAGE_STANDARD = gnu17;
				GCC_NO_COMMON_BLOCKS = YES;
				GCC_WARN_64_TO_32_BIT_CONVERSION = YES;
				GCC_WARN_ABOUT_RETURN_TYPE = YES_ERROR;
				GCC_WARN_UNDECLARED_SELECTOR = YES;
				GCC_WARN_UNINITIALIZED_AUTOS = YES_AGGRESSIVE;
				GCC_WARN_UNUSED_FUNCTION = YES;
				GCC_WARN_UNUSED_VARIABLE = YES;
				LOCALIZATION_PREFERS_STRING_CATALOGS = YES;
				MACOSX_DEPLOYMENT_TARGET = 15.2;
				MTL_ENABLE_DEBUG_INFO = NO;
				MTL_FAST_MATH = YES;
				SDKROOT = macosx;
				SWIFT_COMPILATION_MODE = wholemodule;
			};
			name = Release;
		};
		D0E908D22DAEBB2E004DAF3B /* Debug */ = {
			isa = XCBuildConfiguration;
			buildSettings = {
				ASSETCATALOG_COMPILER_APPICON_NAME = AppIcon;
				ASSETCATALOG_COMPILER_GLOBAL_ACCENT_COLOR_NAME = AccentColor;
				ASSETCATALOG_COMPILER_INCLUDE_ALL_APPICON_ASSETS = NO;
				CODE_SIGN_ENTITLEMENTS = WhatAppProject/WhatAppProject.entitlements;
				CODE_SIGN_STYLE = Automatic;
				COMBINE_HIDPI_IMAGES = YES;
				CURRENT_PROJECT_VERSION = 1;
				DEVELOPMENT_ASSET_PATHS = "\"WhatAppProject/Preview Content\"";
				DEVELOPMENT_TEAM = J6DLB4DD6K;
				ENABLE_PREVIEWS = YES;
				GENERATE_INFOPLIST_FILE = YES;
				INFOPLIST_KEY_NSHumanReadableCopyright = "";
				IPHONEOS_DEPLOYMENT_TARGET = 16.6;
				LD_RUNPATH_SEARCH_PATHS = (
					"$(inherited)",
					"@executable_path/../Frameworks",
				);
				MARKETING_VERSION = 1.0;
				PRODUCT_BUNDLE_IDENTIFIER = WhatApp.com.WhatAppProject;
				PRODUCT_NAME = "$(TARGET_NAME)";
				SUPPORTED_PLATFORMS = "iphoneos iphonesimulator";
				SUPPORTS_MACCATALYST = NO;
				SWIFT_EMIT_LOC_STRINGS = YES;
				SWIFT_VERSION = 5.0;
				TARGETED_DEVICE_FAMILY = 1;
			};
			name = Debug;
		};
		D0E908D32DAEBB2E004DAF3B /* Release */ = {
			isa = XCBuildConfiguration;
			buildSettings = {
				ASSETCATALOG_COMPILER_APPICON_NAME = AppIcon;
				ASSETCATALOG_COMPILER_GLOBAL_ACCENT_COLOR_NAME = AccentColor;
				ASSETCATALOG_COMPILER_INCLUDE_ALL_APPICON_ASSETS = NO;
				CODE_SIGN_ENTITLEMENTS = WhatAppProject/WhatAppProject.entitlements;
				CODE_SIGN_STYLE = Automatic;
				COMBINE_HIDPI_IMAGES = YES;
				CURRENT_PROJECT_VERSION = 1;
				DEVELOPMENT_ASSET_PATHS = "\"WhatAppProject/Preview Content\"";
				DEVELOPMENT_TEAM = J6DLB4DD6K;
				ENABLE_PREVIEWS = YES;
				GENERATE_INFOPLIST_FILE = YES;
				INFOPLIST_KEY_NSHumanReadableCopyright = "";
				IPHONEOS_DEPLOYMENT_TARGET = 16.6;
				LD_RUNPATH_SEARCH_PATHS = (
					"$(inherited)",
					"@executable_path/../Frameworks",
				);
				MARKETING_VERSION = 1.0;
				PRODUCT_BUNDLE_IDENTIFIER = WhatApp.com.WhatAppProject;
				PRODUCT_NAME = "$(TARGET_NAME)";
				SUPPORTED_PLATFORMS = "iphoneos iphonesimulator";
				SUPPORTS_MACCATALYST = NO;
				SWIFT_EMIT_LOC_STRINGS = YES;
				SWIFT_VERSION = 5.0;
				TARGETED_DEVICE_FAMILY = 1;
			};
			name = Release;
		};
		D0E908D52DAEBB2E004DAF3B /* Debug */ = {
			isa = XCBuildConfiguration;
			buildSettings = {
				BUNDLE_LOADER = "$(TEST_HOST)";
				CODE_SIGN_STYLE = Automatic;
				CURRENT_PROJECT_VERSION = 1;
				GENERATE_INFOPLIST_FILE = YES;
				MACOSX_DEPLOYMENT_TARGET = 15.2;
				MARKETING_VERSION = 1.0;
				PRODUCT_BUNDLE_IDENTIFIER = WhatApp.com.WhatAppProjectTests;
				PRODUCT_NAME = "$(TARGET_NAME)";
				SWIFT_EMIT_LOC_STRINGS = NO;
				SWIFT_VERSION = 5.0;
				TEST_HOST = "$(BUILT_PRODUCTS_DIR)/WhatAppProject.app/$(BUNDLE_EXECUTABLE_FOLDER_PATH)/WhatAppProject";
			};
			name = Debug;
		};
		D0E908D62DAEBB2E004DAF3B /* Release */ = {
			isa = XCBuildConfiguration;
			buildSettings = {
				BUNDLE_LOADER = "$(TEST_HOST)";
				CODE_SIGN_STYLE = Automatic;
				CURRENT_PROJECT_VERSION = 1;
				GENERATE_INFOPLIST_FILE = YES;
				MACOSX_DEPLOYMENT_TARGET = 15.2;
				MARKETING_VERSION = 1.0;
				PRODUCT_BUNDLE_IDENTIFIER = WhatApp.com.WhatAppProjectTests;
				PRODUCT_NAME = "$(TARGET_NAME)";
				SWIFT_EMIT_LOC_STRINGS = NO;
				SWIFT_VERSION = 5.0;
				TEST_HOST = "$(BUILT_PRODUCTS_DIR)/WhatAppProject.app/$(BUNDLE_EXECUTABLE_FOLDER_PATH)/WhatAppProject";
			};
			name = Release;
		};
		D0E908D82DAEBB2E004DAF3B /* Debug */ = {
			isa = XCBuildConfiguration;
			buildSettings = {
				CODE_SIGN_STYLE = Automatic;
				CURRENT_PROJECT_VERSION = 1;
				GENERATE_INFOPLIST_FILE = YES;
				MARKETING_VERSION = 1.0;
				PRODUCT_BUNDLE_IDENTIFIER = WhatApp.com.WhatAppProjectUITests;
				PRODUCT_NAME = "$(TARGET_NAME)";
				SWIFT_EMIT_LOC_STRINGS = NO;
				SWIFT_VERSION = 5.0;
				TEST_TARGET_NAME = WhatAppProject;
			};
			name = Debug;
		};
		D0E908D92DAEBB2E004DAF3B /* Release */ = {
			isa = XCBuildConfiguration;
			buildSettings = {
				CODE_SIGN_STYLE = Automatic;
				CURRENT_PROJECT_VERSION = 1;
				GENERATE_INFOPLIST_FILE = YES;
				MARKETING_VERSION = 1.0;
				PRODUCT_BUNDLE_IDENTIFIER = WhatApp.com.WhatAppProjectUITests;
				PRODUCT_NAME = "$(TARGET_NAME)";
				SWIFT_EMIT_LOC_STRINGS = NO;
				SWIFT_VERSION = 5.0;
				TEST_TARGET_NAME = WhatAppProject;
			};
			name = Release;
		};
/* End XCBuildConfiguration section */

/* Begin XCConfigurationList section */
		D0E908A72DAEBB2B004DAF3B /* Build configuration list for PBXProject "WhatAppProject" */ = {
			isa = XCConfigurationList;
			buildConfigurations = (
				D0E908CF2DAEBB2E004DAF3B /* Debug */,
				D0E908D02DAEBB2E004DAF3B /* Release */,
			);
			defaultConfigurationIsVisible = 0;
			defaultConfigurationName = Release;
		};
		D0E908D12DAEBB2E004DAF3B /* Build configuration list for PBXNativeTarget "WhatAppProject" */ = {
			isa = XCConfigurationList;
			buildConfigurations = (
				D0E908D22DAEBB2E004DAF3B /* Debug */,
				D0E908D32DAEBB2E004DAF3B /* Release */,
			);
			defaultConfigurationIsVisible = 0;
			defaultConfigurationName = Release;
		};
		D0E908D42DAEBB2E004DAF3B /* Build configuration list for PBXNativeTarget "WhatAppProjectTests" */ = {
			isa = XCConfigurationList;
			buildConfigurations = (
				D0E908D52DAEBB2E004DAF3B /* Debug */,
				D0E908D62DAEBB2E004DAF3B /* Release */,
			);
			defaultConfigurationIsVisible = 0;
			defaultConfigurationName = Release;
		};
		D0E908D72DAEBB2E004DAF3B /* Build configuration list for PBXNativeTarget "WhatAppProjectUITests" */ = {
			isa = XCConfigurationList;
			buildConfigurations = (
				D0E908D82DAEBB2E004DAF3B /* Debug */,
				D0E908D92DAEBB2E004DAF3B /* Release */,
			);
			defaultConfigurationIsVisible = 0;
			defaultConfigurationName = Release;
		};
/* End XCConfigurationList section */

/* Begin XCRemoteSwiftPackageReference section */
		D0FEB2D52E026B9100442430 /* XCRemoteSwiftPackageReference "SDWebImage" */ = {
			isa = XCRemoteSwiftPackageReference;
			repositoryURL = "https://github.com/SDWebImage/SDWebImage.git";
			requirement = {
				kind = upToNextMajorVersion;
				minimumVersion = 5.21.1;
			};
		};
/* End XCRemoteSwiftPackageReference section */

/* Begin XCSwiftPackageProductDependency section */
		D0FEB2D62E026B9100442430 /* SDWebImage */ = {
			isa = XCSwiftPackageProductDependency;
			package = D0FEB2D52E026B9100442430 /* XCRemoteSwiftPackageReference "SDWebImage" */;
			productName = SDWebImage;
		};
		D0FEB2D82E026B9100442430 /* SDWebImageMapKit */ = {
			isa = XCSwiftPackageProductDependency;
			package = D0FEB2D52E026B9100442430 /* XCRemoteSwiftPackageReference "SDWebImage" */;
			productName = SDWebImageMapKit;
		};
/* End XCSwiftPackageProductDependency section */
	};
	rootObject = D0E908A42DAEBB2B004DAF3B /* Project object */;
}
